
Microsoft Visual Studio Solution File, Format Version 12.00
# Visual Studio Version 16
VisualStudioVersion = 16.0.29509.3
MinimumVisualStudioVersion = 10.0.40219.1
Project("{FAE04EC0-301F-11D3-BF4B-00C04F79EFBC}") = "MVCUnitTestingDemo", "MVCUnitTestingDemo\MVCUnitTestingDemo.csproj", "{1BA24D6F-DA6C-46CA-8861-7B7BB7E643BC}"
EndProject
Project("{FAE04EC0-301F-11D3-BF4B-00C04F79EFBC}") = "MVCUnitTestingDemo.Tests", "MVCUnitTestingDemo.Tests\MVCUnitTestingDemo.Tests.csproj", "{0047A35C-0E81-4021-83DB-88C891DE87B7}"
EndProject
Global
	GlobalSection(SolutionConfigurationPlatforms) = preSolution
		Debug|Any CPU = Debug|Any CPU
		Release|Any CPU = Release|Any CPU
	EndGlobalSection
	GlobalSection(ProjectConfigurationPlatforms) = postSolution
		{1BA24D6F-DA6C-46CA-8861-7B7BB7E643BC}.Debug|Any CPU.ActiveCfg = Debug|Any CPU
		{1BA24D6F-DA6C-46CA-8861-7B7BB7E643BC}.Debug|Any CPU.Build.0 = Debug|Any CPU
		{1BA24D6F-DA6C-46CA-8861-7B7BB7E643BC}.Release|Any CPU.ActiveCfg = Release|Any CPU
		{1BA24D6F-DA6C-46CA-8861-7B7BB7E643BC}.Release|Any CPU.Build.0 = Release|Any CPU
		{0047A35C-0E81-4021-83DB-88C891DE87B7}.Debug|Any CPU.ActiveCfg = Debug|Any CPU
		{0047A35C-0E81-4021-83DB-88C891DE87B7}.Debug|Any CPU.Build.0 = Debug|Any CPU
		{0047A35C-0E81-4021-83DB-88C891DE87B7}.Release|Any CPU.ActiveCfg = Release|Any CPU
		{0047A35C-0E81-4021-83DB-88C891DE87B7}.Release|Any CPU.Build.0 = Release|Any CPU
	EndGlobalSection
	GlobalSection(SolutionProperties) = preSolution
		HideSolutionNode = FALSE
	EndGlobalSection
	GlobalSection(ExtensibilityGlobals) = postSolution
		SolutionGuid = {036BF973-A7C9-4E6A-B0A8-3BDFF1F2C70C}
	EndGlobalSection
EndGlobal
