
Microsoft Visual Studio Solution File, Format Version 12.00
# Visual Studio 2013
VisualStudioVersion = 12.0.31101.0
MinimumVisualStudioVersion = 10.0.40219.1
Project("{FAE04EC0-301F-11D3-BF4B-00C04F79EFBC}") = "netevent1", "netevent1\netevent1.csproj", "{AD7852BC-9F29-483D-8E32-02A32A4D83B3}"
EndProject
Global
	GlobalSection(SolutionConfigurationPlatforms) = preSolution
		Debug|Any CPU = Debug|Any CPU
		Release|Any CPU = Release|Any CPU
	EndGlobalSection
	GlobalSection(ProjectConfigurationPlatforms) = postSolution
		{AD7852BC-9F29-483D-8E32-02A32A4D83B3}.Debug|Any CPU.ActiveCfg = Debug|Any CPU
		{AD7852BC-9F29-483D-8E32-02A32A4D83B3}.Debug|Any CPU.Build.0 = Debug|Any CPU
		{AD7852BC-9F29-483D-8E32-02A32A4D83B3}.Release|Any CPU.ActiveCfg = Release|Any CPU
		{AD7852BC-9F29-483D-8E32-02A32A4D83B3}.Release|Any CPU.Build.0 = Release|Any CPU
	EndGlobalSection
	GlobalSection(SolutionProperties) = preSolution
		HideSolutionNode = FALSE
	EndGlobalSection
EndGlobal
