
Microsoft Visual Studio Solution File, Format Version 12.00
# Visual Studio Version 16
VisualStudioVersion = 16.0.29306.81
MinimumVisualStudioVersion = 10.0.40219.1
Project("{FAE04EC0-301F-11D3-BF4B-00C04F79EFBC}") = "Lab 4 Problem 2", "Lab 4 Problem 2\Lab 4 Problem 2.csproj", "{7FA8D7F0-00DE-4504-B874-08F8C1E36A5F}"
EndProject
Global
	GlobalSection(SolutionConfigurationPlatforms) = preSolution
		Debug|Any CPU = Debug|Any CPU
		Release|Any CPU = Release|Any CPU
	EndGlobalSection
	GlobalSection(ProjectConfigurationPlatforms) = postSolution
		{7FA8D7F0-00DE-4504-B874-08F8C1E36A5F}.Debug|Any CPU.ActiveCfg = Debug|Any CPU
		{7FA8D7F0-00DE-4504-B874-08F8C1E36A5F}.Debug|Any CPU.Build.0 = Debug|Any CPU
		{7FA8D7F0-00DE-4504-B874-08F8C1E36A5F}.Release|Any CPU.ActiveCfg = Release|Any CPU
		{7FA8D7F0-00DE-4504-B874-08F8C1E36A5F}.Release|Any CPU.Build.0 = Release|Any CPU
	EndGlobalSection
	GlobalSection(SolutionProperties) = preSolution
		HideSolutionNode = FALSE
	EndGlobalSection
	GlobalSection(ExtensibilityGlobals) = postSolution
		SolutionGuid = {C79B8C1B-A294-4D55-8360-5C517B431724}
	EndGlobalSection
EndGlobal
