
Microsoft Visual Studio Solution File, Format Version 12.00
# Visual Studio Version 16
VisualStudioVersion = 16.0.29230.47
MinimumVisualStudioVersion = 10.0.40219.1
Project("{FAE04EC0-301F-11D3-BF4B-00C04F79EFBC}") = "theCalculator", "theCalculator.csproj", "{584850FA-BFA1-408C-B149-6F7789374DF8}"
EndProject
Project("{FAE04EC0-301F-11D3-BF4B-00C04F79EFBC}") = "MyCalculator.Tests", "..\MyCalculator.Tests\MyCalculator.Tests.csproj", "{18AF297F-8819-4497-A929-18FE13E22F2F}"
EndProject
Global
	GlobalSection(SolutionConfigurationPlatforms) = preSolution
		Debug|Any CPU = Debug|Any CPU
		Release|Any CPU = Release|Any CPU
	EndGlobalSection
	GlobalSection(ProjectConfigurationPlatforms) = postSolution
		{584850FA-BFA1-408C-B149-6F7789374DF8}.Debug|Any CPU.ActiveCfg = Debug|Any CPU
		{584850FA-BFA1-408C-B149-6F7789374DF8}.Debug|Any CPU.Build.0 = Debug|Any CPU
		{584850FA-BFA1-408C-B149-6F7789374DF8}.Release|Any CPU.ActiveCfg = Release|Any CPU
		{584850FA-BFA1-408C-B149-6F7789374DF8}.Release|Any CPU.Build.0 = Release|Any CPU
		{18AF297F-8819-4497-A929-18FE13E22F2F}.Debug|Any CPU.ActiveCfg = Debug|Any CPU
		{18AF297F-8819-4497-A929-18FE13E22F2F}.Debug|Any CPU.Build.0 = Debug|Any CPU
		{18AF297F-8819-4497-A929-18FE13E22F2F}.Release|Any CPU.ActiveCfg = Release|Any CPU
		{18AF297F-8819-4497-A929-18FE13E22F2F}.Release|Any CPU.Build.0 = Release|Any CPU
	EndGlobalSection
	GlobalSection(SolutionProperties) = preSolution
		HideSolutionNode = FALSE
	EndGlobalSection
	GlobalSection(ExtensibilityGlobals) = postSolution
		SolutionGuid = {A864163C-924C-4F7F-A941-9DE5DC9FA8CF}
	EndGlobalSection
EndGlobal
